
Microsoft Visual Studio Solution File, Format Version 12.00
# Visual Studio Version 17
VisualStudioVersion = 17.8.34511.84
MinimumVisualStudioVersion = 10.0.40219.1
Project("{8BC9CEB8-8B4A-11D0-8D11-00A0C91BC942}") = "STDISCM-ParticleSimulation-Distributed", "STDISCM-ParticleSimulation-Distributed\STDISCM-ParticleSimulation-Distributed.vcxproj", "{165959B9-D1BF-4908-9406-E407A44168CA}"
EndProject
Project("{8BC9CEB8-8B4A-11D0-8D11-00A0C91BC942}") = "STDISCM-ParticleSimulation-DistributedClient2", "STDISCM-ParticleSimulation-DistributedClient2\STDISCM-ParticleSimulation-DistributedClient2.vcxproj", "{A3F9F5B4-0D43-4D1D-812A-FF979E236948}"
EndProject
Project("{8BC9CEB8-8B4A-11D0-8D11-00A0C91BC942}") = "STDISCM-ParticleSimulation-DistributedClient3", "STDISCM-ParticleSimulation-DistributedClient3\STDISCM-ParticleSimulation-DistributedClient3.vcxproj", "{47B9FBBC-F4A5-453C-B55E-391BBCDD49CF}"
EndProject
Project("{8BC9CEB8-8B4A-11D0-8D11-00A0C91BC942}") = "STDISCM-ParticleSimulation-DistributedClient1", "STDISCM-ParticleSimulation-DistributedClient1\STDISCM-ParticleSimulation-DistributedClient.vcxproj", "{614C2B4B-3349-4E24-B47B-0844B8915CB2}"
EndProject
Global
	GlobalSection(SolutionConfigurationPlatforms) = preSolution
		Debug|x64 = Debug|x64
		Debug|x86 = Debug|x86
		Release|x64 = Release|x64
		Release|x86 = Release|x86
	EndGlobalSection
	GlobalSection(ProjectConfigurationPlatforms) = postSolution
		{165959B9-D1BF-4908-9406-E407A44168CA}.Debug|x64.ActiveCfg = Debug|x64
		{165959B9-D1BF-4908-9406-E407A44168CA}.Debug|x64.Build.0 = Debug|x64
		{165959B9-D1BF-4908-9406-E407A44168CA}.Debug|x86.ActiveCfg = Debug|Win32
		{165959B9-D1BF-4908-9406-E407A44168CA}.Debug|x86.Build.0 = Debug|Win32
		{165959B9-D1BF-4908-9406-E407A44168CA}.Release|x64.ActiveCfg = Release|x64
		{165959B9-D1BF-4908-9406-E407A44168CA}.Release|x64.Build.0 = Release|x64
		{165959B9-D1BF-4908-9406-E407A44168CA}.Release|x86.ActiveCfg = Release|Win32
		{165959B9-D1BF-4908-9406-E407A44168CA}.Release|x86.Build.0 = Release|Win32
		{A3F9F5B4-0D43-4D1D-812A-FF979E236948}.Debug|x64.ActiveCfg = Debug|x64
		{A3F9F5B4-0D43-4D1D-812A-FF979E236948}.Debug|x64.Build.0 = Debug|x64
		{A3F9F5B4-0D43-4D1D-812A-FF979E236948}.Debug|x86.ActiveCfg = Debug|Win32
		{A3F9F5B4-0D43-4D1D-812A-FF979E236948}.Debug|x86.Build.0 = Debug|Win32
		{A3F9F5B4-0D43-4D1D-812A-FF979E236948}.Release|x64.ActiveCfg = Release|x64
		{A3F9F5B4-0D43-4D1D-812A-FF979E236948}.Release|x64.Build.0 = Release|x64
		{A3F9F5B4-0D43-4D1D-812A-FF979E236948}.Release|x86.ActiveCfg = Release|Win32
		{A3F9F5B4-0D43-4D1D-812A-FF979E236948}.Release|x86.Build.0 = Release|Win32
		{47B9FBBC-F4A5-453C-B55E-391BBCDD49CF}.Debug|x64.ActiveCfg = Debug|x64
		{47B9FBBC-F4A5-453C-B55E-391BBCDD49CF}.Debug|x64.Build.0 = Debug|x64
		{47B9FBBC-F4A5-453C-B55E-391BBCDD49CF}.Debug|x86.ActiveCfg = Debug|Win32
		{47B9FBBC-F4A5-453C-B55E-391BBCDD49CF}.Debug|x86.Build.0 = Debug|Win32
		{47B9FBBC-F4A5-453C-B55E-391BBCDD49CF}.Release|x64.ActiveCfg = Release|x64
		{47B9FBBC-F4A5-453C-B55E-391BBCDD49CF}.Release|x64.Build.0 = Release|x64
		{47B9FBBC-F4A5-453C-B55E-391BBCDD49CF}.Release|x86.ActiveCfg = Release|Win32
		{47B9FBBC-F4A5-453C-B55E-391BBCDD49CF}.Release|x86.Build.0 = Release|Win32
		{614C2B4B-3349-4E24-B47B-0844B8915CB2}.Debug|x64.ActiveCfg = Debug|x64
		{614C2B4B-3349-4E24-B47B-0844B8915CB2}.Debug|x64.Build.0 = Debug|x64
		{614C2B4B-3349-4E24-B47B-0844B8915CB2}.Debug|x86.ActiveCfg = Debug|Win32
		{614C2B4B-3349-4E24-B47B-0844B8915CB2}.Debug|x86.Build.0 = Debug|Win32
		{614C2B4B-3349-4E24-B47B-0844B8915CB2}.Release|x64.ActiveCfg = Release|x64
		{614C2B4B-3349-4E24-B47B-0844B8915CB2}.Release|x64.Build.0 = Release|x64
		{614C2B4B-3349-4E24-B47B-0844B8915CB2}.Release|x86.ActiveCfg = Release|Win32
		{614C2B4B-3349-4E24-B47B-0844B8915CB2}.Release|x86.Build.0 = Release|Win32
	EndGlobalSection
	GlobalSection(SolutionProperties) = preSolution
		HideSolutionNode = FALSE
	EndGlobalSection
	GlobalSection(ExtensibilityGlobals) = postSolution
		SolutionGuid = {496EC8E5-7292-4867-AA11-D969C7092370}
	EndGlobalSection
EndGlobal
